{
  "version": 4,
  "terraform_version": "1.0.0",
  "serial": 57,
  "lineage": "290401e5-84c6-e8bd-260a-ff1422010b4c",
  "outputs": {},
  "resources": [
    {
      "module": "module.ec2",
      "mode": "data",
      "type": "aws_ami",
      "name": "amazon-linux-2",
      "provider": "provider[\"registry.terraform.io/hashicorp/aws\"]",
      "instances": [
        {
          "schema_version": 0,
          "attributes": {
            "architecture": "x86_64",
            "arn": "arn:aws:ec2:us-east-1::image/ami-0aeeebd8d2ab47354",
            "block_device_mappings": [
              {
                "device_name": "/dev/xvda",
                "ebs": {
                  "delete_on_termination": "true",
                  "encrypted": "false",
                  "iops": "0",
                  "snapshot_id": "snap-02d2a0614e5ce0ce4",
                  "throughput": "0",
                  "volume_size": "8",
                  "volume_type": "gp2"
                },
                "no_device": "",
                "virtual_name": ""
              }
            ],
            "creation_date": "2021-06-04T03:59:17.000Z",
            "description": "Amazon Linux 2 AMI 2.0.20210525.0 x86_64 HVM gp2",
            "ena_support": true,
            "executable_users": null,
            "filter": [
              {
                "name": "name",
                "values": [
                  "amzn2-ami-hvm*"
                ]
              }
            ],
            "hypervisor": "xen",
            "id": "ami-0aeeebd8d2ab47354",
            "image_id": "ami-0aeeebd8d2ab47354",
            "image_location": "amazon/amzn2-ami-hvm-2.0.20210525.0-x86_64-gp2",
            "image_owner_alias": "amazon",
            "image_type": "machine",
            "kernel_id": null,
            "most_recent": true,
            "name": "amzn2-ami-hvm-2.0.20210525.0-x86_64-gp2",
            "name_regex": null,
            "owner_id": "137112412989",
            "owners": [
              "amazon"
            ],
            "platform": null,
            "platform_details": "Linux/UNIX",
            "product_codes": [],
            "public": true,
            "ramdisk_id": null,
            "root_device_name": "/dev/xvda",
            "root_device_type": "ebs",
            "root_snapshot_id": "snap-02d2a0614e5ce0ce4",
            "sriov_net_support": "simple",
            "state": "available",
            "state_reason": {
              "code": "UNSET",
              "message": "UNSET"
            },
            "tags": {},
            "usage_operation": "RunInstances",
            "virtualization_type": "hvm"
          },
          "sensitive_attributes": []
        }
      ]
    },
    {
      "module": "module.ec2",
      "mode": "managed",
      "type": "aws_instance",
      "name": "ec2_private",
      "provider": "provider[\"registry.terraform.io/hashicorp/aws\"]",
      "instances": [
        {
          "schema_version": 1,
          "attributes": {
            "ami": "ami-0aeeebd8d2ab47354",
            "arn": "arn:aws:ec2:us-east-1:928309705155:instance/i-0fb97c2a623c7fede",
            "associate_public_ip_address": false,
            "availability_zone": "us-east-1a",
            "capacity_reservation_specification": [
              {
                "capacity_reservation_preference": "open",
                "capacity_reservation_target": []
              }
            ],
            "cpu_core_count": 1,
            "cpu_threads_per_core": 1,
            "credit_specification": [
              {
                "cpu_credits": "standard"
              }
            ],
            "disable_api_termination": false,
            "ebs_block_device": [],
            "ebs_optimized": false,
            "enclave_options": [
              {
                "enabled": false
              }
            ],
            "ephemeral_block_device": [],
            "get_password_data": false,
            "hibernation": false,
            "host_id": null,
            "iam_instance_profile": "",
            "id": "i-0fb97c2a623c7fede",
            "instance_initiated_shutdown_behavior": "stop",
            "instance_state": "running",
            "instance_type": "t2.micro",
            "ipv6_address_count": 0,
            "ipv6_addresses": [],
            "key_name": "dev-key",
            "metadata_options": [
              {
                "http_endpoint": "enabled",
                "http_put_response_hop_limit": 1,
                "http_tokens": "optional"
              }
            ],
            "monitoring": false,
            "network_interface": [],
            "outpost_arn": "",
            "password_data": "",
            "placement_group": "",
            "primary_network_interface_id": "eni-02df42d65c4bb4641",
            "private_dns": "ip-172-20-20-16.ec2.internal",
            "private_ip": "172.20.20.16",
            "public_dns": "",
            "public_ip": "",
            "root_block_device": [
              {
                "delete_on_termination": true,
                "device_name": "/dev/xvda",
                "encrypted": false,
                "iops": 100,
                "kms_key_id": "",
                "tags": {},
                "throughput": 0,
                "volume_id": "vol-067a717fe0ebeacbf",
                "volume_size": 8,
                "volume_type": "gp2"
              }
            ],
            "secondary_private_ips": [],
            "security_groups": [],
            "source_dest_check": true,
            "subnet_id": "subnet-0fa3d8d946d219346",
            "tags": {
              "Name": "dev-EC2-PRIVATE"
            },
            "tags_all": {
              "Name": "dev-EC2-PRIVATE"
            },
            "tenancy": "default",
            "timeouts": null,
            "user_data": "56057fe7acb3bfba6220111bf39a04b7a425b614",
            "user_data_base64": null,
            "volume_tags": null,
            "vpc_security_group_ids": [
              "sg-0d4a5d4a377369a20"
            ]
          },
          "sensitive_attributes": [],
          "private": "eyJlMmJmYjczMC1lY2FhLTExZTYtOGY4OC0zNDM2M2JjN2M0YzAiOnsiY3JlYXRlIjo2MDAwMDAwMDAwMDAsImRlbGV0ZSI6MTIwMDAwMDAwMDAwMCwidXBkYXRlIjo2MDAwMDAwMDAwMDB9LCJzY2hlbWFfdmVyc2lvbiI6IjEifQ==",
          "dependencies": [
            "module.ec2.data.aws_ami.amazon-linux-2",
            "module.networking.aws_security_group.allow_ssh_priv",
            "module.networking.aws_subnet.private_subnet",
            "module.networking.aws_vpc.vpc",
            "module.ssh-key.aws_key_pair.key_pair",
            "module.ssh-key.tls_private_key.key"
          ]
        }
      ]
    },
    {
      "module": "module.ec2",
      "mode": "managed",
      "type": "aws_instance",
      "name": "ec2_public",
      "provider": "provider[\"registry.terraform.io/hashicorp/aws\"]",
      "instances": [
        {
          "status": "tainted",
          "schema_version": 1,
          "attributes": {
            "ami": "ami-0aeeebd8d2ab47354",
            "arn": "arn:aws:ec2:us-east-1:928309705155:instance/i-0420e626428aff6a0",
            "associate_public_ip_address": true,
            "availability_zone": "us-east-1a",
            "capacity_reservation_specification": [
              {
                "capacity_reservation_preference": "open",
                "capacity_reservation_target": []
              }
            ],
            "cpu_core_count": 1,
            "cpu_threads_per_core": 1,
            "credit_specification": [
              {
                "cpu_credits": "standard"
              }
            ],
            "disable_api_termination": false,
            "ebs_block_device": [],
            "ebs_optimized": false,
            "enclave_options": [
              {
                "enabled": false
              }
            ],
            "ephemeral_block_device": [],
            "get_password_data": false,
            "hibernation": false,
            "host_id": null,
            "iam_instance_profile": "",
            "id": "i-0420e626428aff6a0",
            "instance_initiated_shutdown_behavior": "stop",
            "instance_state": "running",
            "instance_type": "t2.micro",
            "ipv6_address_count": 0,
            "ipv6_addresses": [],
            "key_name": "dev-key",
            "metadata_options": [
              {
                "http_endpoint": "enabled",
                "http_put_response_hop_limit": 1,
                "http_tokens": "optional"
              }
            ],
            "monitoring": false,
            "network_interface": [],
            "outpost_arn": "",
            "password_data": "",
            "placement_group": "",
            "primary_network_interface_id": "eni-0ff8c79085ba94542",
            "private_dns": "ip-172-20-10-11.ec2.internal",
            "private_ip": "172.20.10.11",
            "public_dns": "ec2-18-208-135-135.compute-1.amazonaws.com",
            "public_ip": "18.208.135.135",
            "root_block_device": [
              {
                "delete_on_termination": true,
                "device_name": "/dev/xvda",
                "encrypted": false,
                "iops": 100,
                "kms_key_id": "",
                "tags": {},
                "throughput": 0,
                "volume_id": "vol-0767baa90cd1827af",
                "volume_size": 8,
                "volume_type": "gp2"
              }
            ],
            "secondary_private_ips": [],
            "security_groups": [],
            "source_dest_check": true,
            "subnet_id": "subnet-00b8a13425be1a2db",
            "tags": {
              "Name": "dev-EC2-PUBLIC"
            },
            "tags_all": {
              "Name": "dev-EC2-PUBLIC"
            },
            "tenancy": "default",
            "timeouts": null,
            "user_data": "58c57495c98bb1e2c308c38508af1cee68470590",
            "user_data_base64": null,
            "volume_tags": null,
            "vpc_security_group_ids": [
              "sg-05314eca0bb6c9471"
            ]
          },
          "sensitive_attributes": [],
          "private": "eyJlMmJmYjczMC1lY2FhLTExZTYtOGY4OC0zNDM2M2JjN2M0YzAiOnsiY3JlYXRlIjo2MDAwMDAwMDAwMDAsImRlbGV0ZSI6MTIwMDAwMDAwMDAwMCwidXBkYXRlIjo2MDAwMDAwMDAwMDB9LCJzY2hlbWFfdmVyc2lvbiI6IjEifQ==",
          "dependencies": [
            "module.ec2.data.aws_ami.amazon-linux-2",
            "module.networking.aws_security_group.allow_ssh_pub",
            "module.networking.aws_subnet.public_subnet",
            "module.networking.aws_vpc.vpc",
            "module.ssh-key.aws_key_pair.key_pair",
            "module.ssh-key.tls_private_key.key"
          ]
        }
      ]
    },
    {
      "module": "module.networking",
      "mode": "managed",
      "type": "aws_eip",
      "name": "nat_eip",
      "provider": "provider[\"registry.terraform.io/hashicorp/aws\"]",
      "instances": [
        {
          "schema_version": 0,
          "attributes": {
            "address": null,
            "allocation_id": null,
            "associate_with_private_ip": null,
            "association_id": "",
            "carrier_ip": "",
            "customer_owned_ip": "",
            "customer_owned_ipv4_pool": "",
            "domain": "vpc",
            "id": "eipalloc-07f83837dd4339517",
            "instance": "",
            "network_border_group": "us-east-1",
            "network_interface": "",
            "private_dns": null,
            "private_ip": "",
            "public_dns": "ec2-54-163-119-177.compute-1.amazonaws.com",
            "public_ip": "54.163.119.177",
            "public_ipv4_pool": "amazon",
            "tags": null,
            "tags_all": {},
            "timeouts": null,
            "vpc": true
          },
          "sensitive_attributes": [],
          "private": "eyJlMmJmYjczMC1lY2FhLTExZTYtOGY4OC0zNDM2M2JjN2M0YzAiOnsiZGVsZXRlIjoxODAwMDAwMDAwMDAsInJlYWQiOjkwMDAwMDAwMDAwMCwidXBkYXRlIjozMDAwMDAwMDAwMDB9fQ==",
          "dependencies": [
            "module.networking.aws_internet_gateway.ig",
            "module.networking.aws_vpc.vpc"
          ]
        }
      ]
    },
    {
      "module": "module.networking",
      "mode": "managed",
      "type": "aws_internet_gateway",
      "name": "ig",
      "provider": "provider[\"registry.terraform.io/hashicorp/aws\"]",
      "instances": [
        {
          "schema_version": 0,
          "attributes": {
            "arn": "arn:aws:ec2:us-east-1:928309705155:internet-gateway/igw-0901b0fb12c588c3a",
            "id": "igw-0901b0fb12c588c3a",
            "owner_id": "928309705155",
            "tags": {
              "Environment": "dev",
              "Name": "dev-igw"
            },
            "tags_all": {
              "Environment": "dev",
              "Name": "dev-igw"
            },
            "vpc_id": "vpc-02f62c2564afafc97"
          },
          "sensitive_attributes": [],
          "private": "bnVsbA==",
          "dependencies": [
            "module.networking.aws_vpc.vpc"
          ]
        }
      ]
    },
    {
      "module": "module.networking",
      "mode": "managed",
      "type": "aws_nat_gateway",
      "name": "nat",
      "provider": "provider[\"registry.terraform.io/hashicorp/aws\"]",
      "instances": [
        {
          "schema_version": 0,
          "attributes": {
            "allocation_id": "eipalloc-07f83837dd4339517",
            "connectivity_type": "public",
            "id": "nat-02f8a48a0fed8fd61",
            "network_interface_id": "eni-00e36632f4b681be8",
            "private_ip": "172.20.10.129",
            "public_ip": "54.163.119.177",
            "subnet_id": "subnet-00b8a13425be1a2db",
            "tags": {
              "Environment": "dev",
              "Name": "nat"
            },
            "tags_all": {
              "Environment": "dev",
              "Name": "nat"
            }
          },
          "sensitive_attributes": [],
          "private": "bnVsbA==",
          "dependencies": [
            "module.networking.aws_eip.nat_eip",
            "module.networking.aws_internet_gateway.ig",
            "module.networking.aws_subnet.public_subnet",
            "module.networking.aws_vpc.vpc"
          ]
        }
      ]
    },
    {
      "module": "module.networking",
      "mode": "managed",
      "type": "aws_route",
      "name": "private_nat_gateway",
      "provider": "provider[\"registry.terraform.io/hashicorp/aws\"]",
      "instances": [
        {
          "schema_version": 0,
          "attributes": {
            "carrier_gateway_id": "",
            "destination_cidr_block": "0.0.0.0/0",
            "destination_ipv6_cidr_block": "",
            "destination_prefix_list_id": "",
            "egress_only_gateway_id": "",
            "gateway_id": "",
            "id": "r-rtb-04e753895b89af13f1080289494",
            "instance_id": "",
            "instance_owner_id": "",
            "local_gateway_id": "",
            "nat_gateway_id": "nat-02f8a48a0fed8fd61",
            "network_interface_id": "",
            "origin": "CreateRoute",
            "route_table_id": "rtb-04e753895b89af13f",
            "state": "active",
            "timeouts": null,
            "transit_gateway_id": "",
            "vpc_endpoint_id": "",
            "vpc_peering_connection_id": ""
          },
          "sensitive_attributes": [],
          "private": "eyJlMmJmYjczMC1lY2FhLTExZTYtOGY4OC0zNDM2M2JjN2M0YzAiOnsiY3JlYXRlIjoxMjAwMDAwMDAwMDAsImRlbGV0ZSI6MzAwMDAwMDAwMDAwfX0=",
          "dependencies": [
            "module.networking.aws_eip.nat_eip",
            "module.networking.aws_internet_gateway.ig",
            "module.networking.aws_nat_gateway.nat",
            "module.networking.aws_route_table.private",
            "module.networking.aws_subnet.public_subnet",
            "module.networking.aws_vpc.vpc"
          ]
        }
      ]
    },
    {
      "module": "module.networking",
      "mode": "managed",
      "type": "aws_route_table",
      "name": "private",
      "provider": "provider[\"registry.terraform.io/hashicorp/aws\"]",
      "instances": [
        {
          "schema_version": 0,
          "attributes": {
            "arn": "arn:aws:ec2:us-east-1:928309705155:route-table/rtb-04e753895b89af13f",
            "id": "rtb-04e753895b89af13f",
            "owner_id": "928309705155",
            "propagating_vgws": [],
            "route": [],
            "tags": {
              "Environment": "dev",
              "Name": "dev-private-route-table"
            },
            "tags_all": {
              "Environment": "dev",
              "Name": "dev-private-route-table"
            },
            "vpc_id": "vpc-02f62c2564afafc97"
          },
          "sensitive_attributes": [],
          "private": "bnVsbA==",
          "dependencies": [
            "module.networking.aws_vpc.vpc"
          ]
        }
      ]
    },
    {
      "module": "module.networking",
      "mode": "managed",
      "type": "aws_route_table",
      "name": "public",
      "provider": "provider[\"registry.terraform.io/hashicorp/aws\"]",
      "instances": [
        {
          "schema_version": 0,
          "attributes": {
            "arn": "arn:aws:ec2:us-east-1:928309705155:route-table/rtb-06c8f2e9b9bd23c6b",
            "id": "rtb-06c8f2e9b9bd23c6b",
            "owner_id": "928309705155",
            "propagating_vgws": [],
            "route": [
              {
                "carrier_gateway_id": "",
                "cidr_block": "0.0.0.0/0",
                "destination_prefix_list_id": "",
                "egress_only_gateway_id": "",
                "gateway_id": "igw-0901b0fb12c588c3a",
                "instance_id": "",
                "ipv6_cidr_block": "",
                "local_gateway_id": "",
                "nat_gateway_id": "",
                "network_interface_id": "",
                "transit_gateway_id": "",
                "vpc_endpoint_id": "",
                "vpc_peering_connection_id": ""
              }
            ],
            "tags": {
              "Environment": "dev",
              "Name": "dev-public-route-table"
            },
            "tags_all": {
              "Environment": "dev",
              "Name": "dev-public-route-table"
            },
            "vpc_id": "vpc-02f62c2564afafc97"
          },
          "sensitive_attributes": [],
          "private": "bnVsbA==",
          "dependencies": [
            "module.networking.aws_internet_gateway.ig",
            "module.networking.aws_vpc.vpc"
          ]
        }
      ]
    },
    {
      "module": "module.networking",
      "mode": "managed",
      "type": "aws_route_table_association",
      "name": "private",
      "provider": "provider[\"registry.terraform.io/hashicorp/aws\"]",
      "instances": [
        {
          "index_key": 0,
          "schema_version": 0,
          "attributes": {
            "gateway_id": null,
            "id": "rtbassoc-009715123e14c2550",
            "route_table_id": "rtb-04e753895b89af13f",
            "subnet_id": "subnet-0fa3d8d946d219346"
          },
          "sensitive_attributes": [],
          "private": "bnVsbA==",
          "dependencies": [
            "module.networking.aws_route_table.private",
            "module.networking.aws_subnet.private_subnet",
            "module.networking.aws_vpc.vpc"
          ]
        }
      ]
    },
    {
      "module": "module.networking",
      "mode": "managed",
      "type": "aws_route_table_association",
      "name": "public",
      "provider": "provider[\"registry.terraform.io/hashicorp/aws\"]",
      "instances": [
        {
          "index_key": 0,
          "schema_version": 0,
          "attributes": {
            "gateway_id": null,
            "id": "rtbassoc-084f9478f9a138d8f",
            "route_table_id": "rtb-06c8f2e9b9bd23c6b",
            "subnet_id": "subnet-00b8a13425be1a2db"
          },
          "sensitive_attributes": [],
          "private": "bnVsbA==",
          "dependencies": [
            "module.networking.aws_internet_gateway.ig",
            "module.networking.aws_route_table.public",
            "module.networking.aws_subnet.public_subnet",
            "module.networking.aws_vpc.vpc"
          ]
        }
      ]
    },
    {
      "module": "module.networking",
      "mode": "managed",
      "type": "aws_security_group",
      "name": "allow_ssh_priv",
      "provider": "provider[\"registry.terraform.io/hashicorp/aws\"]",
      "instances": [
        {
          "schema_version": 1,
          "attributes": {
            "arn": "arn:aws:ec2:us-east-1:928309705155:security-group/sg-0d4a5d4a377369a20",
            "description": "Allow SSH inbound traffic",
            "egress": [
              {
                "cidr_blocks": [
                  "0.0.0.0/0"
                ],
                "description": "",
                "from_port": 0,
                "ipv6_cidr_blocks": [],
                "prefix_list_ids": [],
                "protocol": "-1",
                "security_groups": [],
                "self": false,
                "to_port": 0
              }
            ],
            "id": "sg-0d4a5d4a377369a20",
            "ingress": [
              {
                "cidr_blocks": [
                  "172.20.0.0/16"
                ],
                "description": "SSH only from internal VPC clients",
                "from_port": 22,
                "ipv6_cidr_blocks": [],
                "prefix_list_ids": [],
                "protocol": "tcp",
                "security_groups": [],
                "self": false,
                "to_port": 22
              },
              {
                "cidr_blocks": [
                  "172.20.0.0/16"
                ],
                "description": "http",
                "from_port": 80,
                "ipv6_cidr_blocks": [],
                "prefix_list_ids": [],
                "protocol": "tcp",
                "security_groups": [],
                "self": false,
                "to_port": 80
              }
            ],
            "name": "dev-allow_ssh_priv",
            "name_prefix": "",
            "owner_id": "928309705155",
            "revoke_rules_on_delete": false,
            "tags": {
              "Name": "dev-allow_ssh_priv"
            },
            "tags_all": {
              "Name": "dev-allow_ssh_priv"
            },
            "timeouts": null,
            "vpc_id": "vpc-02f62c2564afafc97"
          },
          "sensitive_attributes": [],
          "private": "eyJlMmJmYjczMC1lY2FhLTExZTYtOGY4OC0zNDM2M2JjN2M0YzAiOnsiY3JlYXRlIjo2MDAwMDAwMDAwMDAsImRlbGV0ZSI6OTAwMDAwMDAwMDAwfSwic2NoZW1hX3ZlcnNpb24iOiIxIn0=",
          "dependencies": [
            "module.networking.aws_vpc.vpc"
          ]
        }
      ]
    },
    {
      "module": "module.networking",
      "mode": "managed",
      "type": "aws_security_group",
      "name": "allow_ssh_pub",
      "provider": "provider[\"registry.terraform.io/hashicorp/aws\"]",
      "instances": [
        {
          "schema_version": 1,
          "attributes": {
            "arn": "arn:aws:ec2:us-east-1:928309705155:security-group/sg-05314eca0bb6c9471",
            "description": "Allow SSH inbound traffic",
            "egress": [
              {
                "cidr_blocks": [
                  "0.0.0.0/0"
                ],
                "description": "",
                "from_port": 0,
                "ipv6_cidr_blocks": [],
                "prefix_list_ids": [],
                "protocol": "-1",
                "security_groups": [],
                "self": false,
                "to_port": 0
              }
            ],
            "id": "sg-05314eca0bb6c9471",
            "ingress": [
              {
                "cidr_blocks": [
                  "0.0.0.0/0"
                ],
                "description": "SSH from the internet",
                "from_port": 22,
                "ipv6_cidr_blocks": [],
                "prefix_list_ids": [],
                "protocol": "tcp",
                "security_groups": [],
                "self": false,
                "to_port": 22
              },
              {
                "cidr_blocks": [
                  "0.0.0.0/0"
                ],
                "description": "http",
                "from_port": 80,
                "ipv6_cidr_blocks": [],
                "prefix_list_ids": [],
                "protocol": "tcp",
                "security_groups": [],
                "self": false,
                "to_port": 80
              },
              {
                "cidr_blocks": [
                  "0.0.0.0/0"
                ],
                "description": "jenkins",
                "from_port": 8080,
                "ipv6_cidr_blocks": [],
                "prefix_list_ids": [],
                "protocol": "tcp",
                "security_groups": [],
                "self": false,
                "to_port": 8080
              }
            ],
            "name": "dev-allow_ssh_pub",
            "name_prefix": "",
            "owner_id": "928309705155",
            "revoke_rules_on_delete": false,
            "tags": {
              "Name": "dev-allow_ssh_pub"
            },
            "tags_all": {
              "Name": "dev-allow_ssh_pub"
            },
            "timeouts": null,
            "vpc_id": "vpc-02f62c2564afafc97"
          },
          "sensitive_attributes": [],
          "private": "eyJlMmJmYjczMC1lY2FhLTExZTYtOGY4OC0zNDM2M2JjN2M0YzAiOnsiY3JlYXRlIjo2MDAwMDAwMDAwMDAsImRlbGV0ZSI6OTAwMDAwMDAwMDAwfSwic2NoZW1hX3ZlcnNpb24iOiIxIn0=",
          "dependencies": [
            "module.networking.aws_vpc.vpc"
          ]
        }
      ]
    },
    {
      "module": "module.networking",
      "mode": "managed",
      "type": "aws_subnet",
      "name": "private_subnet",
      "provider": "provider[\"registry.terraform.io/hashicorp/aws\"]",
      "instances": [
        {
          "index_key": 0,
          "schema_version": 1,
          "attributes": {
            "arn": "arn:aws:ec2:us-east-1:928309705155:subnet/subnet-0fa3d8d946d219346",
            "assign_ipv6_address_on_creation": false,
            "availability_zone": "us-east-1a",
            "availability_zone_id": "use1-az2",
            "cidr_block": "172.20.20.0/24",
            "customer_owned_ipv4_pool": "",
            "id": "subnet-0fa3d8d946d219346",
            "ipv6_cidr_block": "",
            "ipv6_cidr_block_association_id": "",
            "map_customer_owned_ip_on_launch": false,
            "map_public_ip_on_launch": false,
            "outpost_arn": "",
            "owner_id": "928309705155",
            "tags": {
              "Environment": "dev",
              "Name": "dev-us-east-1a-private-subnet"
            },
            "tags_all": {
              "Environment": "dev",
              "Name": "dev-us-east-1a-private-subnet"
            },
            "timeouts": null,
            "vpc_id": "vpc-02f62c2564afafc97"
          },
          "sensitive_attributes": [],
          "private": "eyJlMmJmYjczMC1lY2FhLTExZTYtOGY4OC0zNDM2M2JjN2M0YzAiOnsiY3JlYXRlIjo2MDAwMDAwMDAwMDAsImRlbGV0ZSI6MTIwMDAwMDAwMDAwMH0sInNjaGVtYV92ZXJzaW9uIjoiMSJ9",
          "dependencies": [
            "module.networking.aws_vpc.vpc"
          ]
        }
      ]
    },
    {
      "module": "module.networking",
      "mode": "managed",
      "type": "aws_subnet",
      "name": "public_subnet",
      "provider": "provider[\"registry.terraform.io/hashicorp/aws\"]",
      "instances": [
        {
          "index_key": 0,
          "schema_version": 1,
          "attributes": {
            "arn": "arn:aws:ec2:us-east-1:928309705155:subnet/subnet-00b8a13425be1a2db",
            "assign_ipv6_address_on_creation": false,
            "availability_zone": "us-east-1a",
            "availability_zone_id": "use1-az2",
            "cidr_block": "172.20.10.0/24",
            "customer_owned_ipv4_pool": "",
            "id": "subnet-00b8a13425be1a2db",
            "ipv6_cidr_block": "",
            "ipv6_cidr_block_association_id": "",
            "map_customer_owned_ip_on_launch": false,
            "map_public_ip_on_launch": true,
            "outpost_arn": "",
            "owner_id": "928309705155",
            "tags": {
              "Environment": "dev",
              "Name": "dev-us-east-1a-public-subnet"
            },
            "tags_all": {
              "Environment": "dev",
              "Name": "dev-us-east-1a-public-subnet"
            },
            "timeouts": null,
            "vpc_id": "vpc-02f62c2564afafc97"
          },
          "sensitive_attributes": [],
          "private": "eyJlMmJmYjczMC1lY2FhLTExZTYtOGY4OC0zNDM2M2JjN2M0YzAiOnsiY3JlYXRlIjo2MDAwMDAwMDAwMDAsImRlbGV0ZSI6MTIwMDAwMDAwMDAwMH0sInNjaGVtYV92ZXJzaW9uIjoiMSJ9",
          "dependencies": [
            "module.networking.aws_vpc.vpc"
          ]
        }
      ]
    },
    {
      "module": "module.networking",
      "mode": "managed",
      "type": "aws_vpc",
      "name": "vpc",
      "provider": "provider[\"registry.terraform.io/hashicorp/aws\"]",
      "instances": [
        {
          "schema_version": 1,
          "attributes": {
            "arn": "arn:aws:ec2:us-east-1:928309705155:vpc/vpc-02f62c2564afafc97",
            "assign_generated_ipv6_cidr_block": false,
            "cidr_block": "172.20.0.0/16",
            "default_network_acl_id": "acl-044718d4ec05339a5",
            "default_route_table_id": "rtb-0010444499f5c11ed",
            "default_security_group_id": "sg-0d3ac66cc9cc71504",
            "dhcp_options_id": "dopt-2fff2b57",
            "enable_classiclink": false,
            "enable_classiclink_dns_support": false,
            "enable_dns_hostnames": true,
            "enable_dns_support": true,
            "id": "vpc-02f62c2564afafc97",
            "instance_tenancy": "default",
            "ipv6_association_id": "",
            "ipv6_cidr_block": "",
            "main_route_table_id": "rtb-0010444499f5c11ed",
            "owner_id": "928309705155",
            "tags": {
              "Environment": "dev",
              "Name": "dev-vpc"
            },
            "tags_all": {
              "Environment": "dev",
              "Name": "dev-vpc"
            }
          },
          "sensitive_attributes": [],
          "private": "eyJzY2hlbWFfdmVyc2lvbiI6IjEifQ=="
        }
      ]
    },
    {
      "module": "module.ssh-key",
      "mode": "managed",
      "type": "aws_key_pair",
      "name": "key_pair",
      "provider": "provider[\"registry.terraform.io/hashicorp/aws\"]",
      "instances": [
        {
          "schema_version": 1,
          "attributes": {
            "arn": "arn:aws:ec2:us-east-1:928309705155:key-pair/dev-key",
            "fingerprint": "c1:a5:71:dd:d4:ae:d4:c8:25:22:41:35:20:10:12:24",
            "id": "dev-key",
            "key_name": "dev-key",
            "key_name_prefix": null,
            "key_pair_id": "key-01685afdd5806df91",
            "public_key": "ssh-rsa AAAAB3NzaC1yc2EAAAADAQABAAABAQDHu+uvn1nMBT2XO46iVW4Y6ih6GHctdXjNdwlLTmaqUA3kABIpxGFGpozJZVZoUew0O7iJfqiXWRih7lNf0nb5QmTY6SHPO1+RWlLKYaNunUwx6myALzeHZXIGJkP80I53Lk4r1M6ldskII/W1Gq+27jr1kpWI1Xxzgc+BKK9TbMaRzaiHMjDa8ZXappnqOCsTQE5vWRQ9ft5f1WeRLEu8B9ZM6GxAAnogGDdmpVLAJwAfNkwPvmXHgHdXSN/h3PBwnbSQAFZijRe1XrmERGJOhfES9cucaYizyKLti+OeolSqdYgHt+v2jpAKGMzbo/OYvAaWUD2DfS1PcVjKYQUf",
            "tags": null,
            "tags_all": {}
          },
          "sensitive_attributes": [],
          "private": "eyJzY2hlbWFfdmVyc2lvbiI6IjEifQ==",
          "dependencies": [
            "module.ssh-key.tls_private_key.key"
          ]
        }
      ]
    },
    {
      "module": "module.ssh-key",
      "mode": "managed",
      "type": "tls_private_key",
      "name": "key",
      "provider": "provider[\"registry.terraform.io/hashicorp/tls\"]",
      "instances": [
        {
          "schema_version": 0,
          "attributes": {
            "algorithm": "RSA",
            "ecdsa_curve": "P224",
            "id": "05b3a9447a0939f0db44c100175403ec07f04ef8",
            "private_key_pem": "-----BEGIN RSA PRIVATE KEY-----\nMIIEpAIBAAKCAQEAx7vrr59ZzAU9lzuOolVuGOooehh3LXV4zXcJS05mqlAN5AAS\nKcRhRqaMyWVWaFHsNDu4iX6ol1kYoe5TX9J2+UJk2OkhzztfkVpSymGjbp1MMeps\ngC83h2VyBiZD/NCOdy5OK9TOpXbJCCP1tRqvtu469ZKViNV8c4HPgSivU2zGkc2o\nhzIw2vGV2qaZ6jgrE0BOb1kUPX7eX9VnkSxLvAfWTOhsQAJ6IBg3ZqVSwCcAHzZM\nD75lx4B3V0jf4dzwcJ20kABWYo0XtV65hERiToXxEvXLnGmIs8ii7YvjnqJUqnWI\nB7fr9o6QChjM26PzmLwGllA9g30tT3FYymEFHwIDAQABAoIBAQDAAuVJuVxfKS6T\no5q0boJgC0OMVNbFaegPRf82WRGTa1BfPr43TuXhQJ2ZwwT1VsRHVp5J9+xlSy7G\nBVI7jR349B309PIewcpW9skebAzseuVUGzPhawLr89dRGBpGAczjwC1AL93U7cPH\nQqKkTxpbNtyRVjDREcMJW+K7HPynqff7WZuJ0Up39V+Vm3eNiIlw2WzyVuFTucJT\nL9lvIgfVp5jLvJPpE4UYvmmzYNEhdERrk57IPEHl4g8eIQn1DlBo+HKgTF3nAtXQ\nTy/Pk3X8eYRG4uVeBAtfS0Hya2BDCek0wpK4Li6xiXUV+FKFw50lHZ5SAv7H6BiA\n9+LNLHKhAoGBAPDne9vgWbU5RgWVmpR8yotqbqnMjHotzeNfjhTn3Aqsdg44W2WT\nZrVWVU3oEBlugNv3lHFxtXtHBBSg+mc9UIcUfVeRqc4JZxxBGlmDrNi1mew0EYkv\nPUuL9KVp07mKQr38IGpW/YJeQc7H9Vswx15XsyWLcoiUS5YllWrwDEKvAoGBANQ/\n/zJzr3JPLomnnT81Iom/ooetgbh7El+by+0WTSyeoNm62h/hW0FIT4yWhpw25xoI\npTZ+P1sFrlTnfwX0rgA+yCedb76bpTNlpsJY6BklVMzhftnH1u6zNXfEr6g5FrIy\n8GrYYujscBx4M/rJgrQGyMEfZ5yl/m+aXLRAVMCRAoGBAJM5pSR3M9vhKL349AOT\nUGVroj37WE7C93ThzP9Rw9RyGaQPJSwqrTZdkLyP+mbQdcf4wquiBntUp1XEG8RE\nYJZtGz0NNG1Kqc1GrEfQhS3brjoAiEcCq78jxVviFRbrPGbHUzgp+bxWxnkNExGr\n+evaRQ3I7zIxDxCv32T/Vz7ZAoGAP6VBHRvbjGd6CQUd/gos5Sl1z0GUGIGvLMRH\nDj0Vvz+B9Eg3iD/HYXgRgpLQop9EBWZ6RDDvRpgZgpQ4XszUMHajBl4LWBjMHPFq\nY/TNBF1RZG5p31wxczqB2fw8wDD+QUlNFnz0i+v6Yk8ZJyat7tXp9R85rpuIBGdB\nTTvNLkECgYB98+OqRfrpnZ1yuPrtkW2F+keE1AQlOBR+TQx4a7ndFCTrs/9XLEvk\n5L5YDXPSQhezfrRyEBdadkQiss7tB1Wt36MJGlVg6B4MCToD3nQnkZ+9jR8y0bJa\nbHvqKDpK7EodTs2mky+h5Bt4ItWW7DgPrzQfMFuYx8/dxkQiZsjd8w==\n-----END RSA PRIVATE KEY-----\n",
            "public_key_fingerprint_md5": "34:89:a7:1d:23:fa:99:37:40:d2:20:96:3e:cc:f3:e4",
            "public_key_openssh": "ssh-rsa AAAAB3NzaC1yc2EAAAADAQABAAABAQDHu+uvn1nMBT2XO46iVW4Y6ih6GHctdXjNdwlLTmaqUA3kABIpxGFGpozJZVZoUew0O7iJfqiXWRih7lNf0nb5QmTY6SHPO1+RWlLKYaNunUwx6myALzeHZXIGJkP80I53Lk4r1M6ldskII/W1Gq+27jr1kpWI1Xxzgc+BKK9TbMaRzaiHMjDa8ZXappnqOCsTQE5vWRQ9ft5f1WeRLEu8B9ZM6GxAAnogGDdmpVLAJwAfNkwPvmXHgHdXSN/h3PBwnbSQAFZijRe1XrmERGJOhfES9cucaYizyKLti+OeolSqdYgHt+v2jpAKGMzbo/OYvAaWUD2DfS1PcVjKYQUf\n",
            "public_key_pem": "-----BEGIN PUBLIC KEY-----\nMIIBIjANBgkqhkiG9w0BAQEFAAOCAQ8AMIIBCgKCAQEAx7vrr59ZzAU9lzuOolVu\nGOooehh3LXV4zXcJS05mqlAN5AASKcRhRqaMyWVWaFHsNDu4iX6ol1kYoe5TX9J2\n+UJk2OkhzztfkVpSymGjbp1MMepsgC83h2VyBiZD/NCOdy5OK9TOpXbJCCP1tRqv\ntu469ZKViNV8c4HPgSivU2zGkc2ohzIw2vGV2qaZ6jgrE0BOb1kUPX7eX9VnkSxL\nvAfWTOhsQAJ6IBg3ZqVSwCcAHzZMD75lx4B3V0jf4dzwcJ20kABWYo0XtV65hERi\nToXxEvXLnGmIs8ii7YvjnqJUqnWIB7fr9o6QChjM26PzmLwGllA9g30tT3FYymEF\nHwIDAQAB\n-----END PUBLIC KEY-----\n",
            "rsa_bits": 2048
          },
          "sensitive_attributes": [],
          "private": "bnVsbA=="
        }
      ]
    }
  ]
}
